
Microsoft Visual Studio Solution File, Format Version 12.00
# Visual Studio Version 17
VisualStudioVersion = 17.8.34525.116
MinimumVisualStudioVersion = 10.0.40219.1
Project("{FAE04EC0-301F-11D3-BF4B-00C04F79EFBC}") = "CRUDAppUsingASPCoreWebAPI", "CRUDAppUsingASPCoreWebAPI\CRUDAppUsingASPCoreWebAPI.csproj", "{51FEBBE5-F5D6-4B23-83BF-309A1FC0994C}"
EndProject
Global
	GlobalSection(SolutionConfigurationPlatforms) = preSolution
		Debug|Any CPU = Debug|Any CPU
		Release|Any CPU = Release|Any CPU
	EndGlobalSection
	GlobalSection(ProjectConfigurationPlatforms) = postSolution
		{51FEBBE5-F5D6-4B23-83BF-309A1FC0994C}.Debug|Any CPU.ActiveCfg = Debug|Any CPU
		{51FEBBE5-F5D6-4B23-83BF-309A1FC0994C}.Debug|Any CPU.Build.0 = Debug|Any CPU
		{51FEBBE5-F5D6-4B23-83BF-309A1FC0994C}.Release|Any CPU.ActiveCfg = Release|Any CPU
		{51FEBBE5-F5D6-4B23-83BF-309A1FC0994C}.Release|Any CPU.Build.0 = Release|Any CPU
	EndGlobalSection
	GlobalSection(SolutionProperties) = preSolution
		HideSolutionNode = FALSE
	EndGlobalSection
	GlobalSection(ExtensibilityGlobals) = postSolution
		SolutionGuid = {09EE00C5-A628-4DFF-9089-C5A1D98F47F6}
	EndGlobalSection
EndGlobal
